
Microsoft Visual Studio Solution File, Format Version 12.00
# Visual Studio Version 17
VisualStudioVersion = 17.5.002.0
MinimumVisualStudioVersion = 10.0.40219.1
Project("{2150E333-8FDC-42A3-9474-1A3956D46DE8}") = "Labfiles", "Labfiles", "{04A9CF03-CB5F-47E4-A997-B32ADC2DB241}"
EndProject
Project("{2150E333-8FDC-42A3-9474-1A3956D46DE8}") = "01-analyze-images", "01-analyze-images", "{018FD4C2-2952-4E91-807B-14CC8CF49844}"
EndProject
Project("{2150E333-8FDC-42A3-9474-1A3956D46DE8}") = "C-Sharp", "C-Sharp", "{E3E87A3E-E41E-40AA-A60A-AD5771DE921E}"
EndProject
Project("{9A19103F-16F7-4668-BE54-9A1E7A4F7556}") = "image-analysis", "Labfiles\01-analyze-images\C-Sharp\image-analysis\image-analysis.csproj", "{421BF11C-5481-4E12-B993-3218D8BA3989}"
EndProject
Project("{2150E333-8FDC-42A3-9474-1A3956D46DE8}") = "03-object-detection", "03-object-detection", "{CBEEA418-B9FB-46EF-B008-BDEFCEE30225}"
EndProject
Project("{2150E333-8FDC-42A3-9474-1A3956D46DE8}") = "C-Sharp", "C-Sharp", "{7CFED797-32D2-4413-8A04-8B47D4E51664}"
EndProject
Project("{9A19103F-16F7-4668-BE54-9A1E7A4F7556}") = "test-detector", "Labfiles\03-object-detection\C-Sharp\test-detector\test-detector.csproj", "{97C3EFA3-6F01-48FC-9885-A005BB7B02B1}"
EndProject
Project("{9A19103F-16F7-4668-BE54-9A1E7A4F7556}") = "train-detector", "Labfiles\03-object-detection\C-Sharp\train-detector\train-detector.csproj", "{EFEBC4C4-D145-4647-96CA-9E74CD2EF785}"
EndProject
Project("{2150E333-8FDC-42A3-9474-1A3956D46DE8}") = "04-face", "04-face", "{0CE07041-0BEA-42B8-A035-9BDDC433E21A}"
EndProject
Project("{2150E333-8FDC-42A3-9474-1A3956D46DE8}") = "C-Sharp", "C-Sharp", "{13269302-19A8-40F3-8634-C759ADBBFD71}"
EndProject
Project("{9A19103F-16F7-4668-BE54-9A1E7A4F7556}") = "detect-people", "Labfiles\04-face\C-Sharp\computer-vision\detect-people.csproj", "{939FE20D-3F99-49E3-8B60-786D39FE657F}"
EndProject
Project("{9A19103F-16F7-4668-BE54-9A1E7A4F7556}") = "analyze-faces", "Labfiles\04-face\C-Sharp\face-api\analyze-faces.csproj", "{A892C0C0-5AED-4407-84B6-0BFD28B8D457}"
EndProject
Project("{2150E333-8FDC-42A3-9474-1A3956D46DE8}") = "05-ocr", "05-ocr", "{155F454C-BE7C-4540-90EA-4D334BCBDCE1}"
EndProject
Project("{2150E333-8FDC-42A3-9474-1A3956D46DE8}") = "C-Sharp", "C-Sharp", "{BC24B02C-E749-439E-BA33-CEB5ED9B3584}"
EndProject
Project("{9A19103F-16F7-4668-BE54-9A1E7A4F7556}") = "read-text", "Labfiles\05-ocr\C-Sharp\read-text\read-text.csproj", "{1BA2BD2A-18A2-4490-A2E8-4F750E260828}"
EndProject
Project("{2150E333-8FDC-42A3-9474-1A3956D46DE8}") = "07-custom-vision-image-classification", "07-custom-vision-image-classification", "{CEC5694A-A216-4B83-B600-80F364C6FB8F}"
EndProject
Project("{2150E333-8FDC-42A3-9474-1A3956D46DE8}") = "C-Sharp", "C-Sharp", "{719D9618-3306-4901-A096-BCEEA0A84CF7}"
EndProject
Project("{9A19103F-16F7-4668-BE54-9A1E7A4F7556}") = "test-classifier", "Labfiles\07-custom-vision-image-classification\C-Sharp\test-classifier\test-classifier.csproj", "{79FFADD1-2725-45B3-934F-5CC2A7CF1C76}"
EndProject
Project("{9A19103F-16F7-4668-BE54-9A1E7A4F7556}") = "train-classifier", "Labfiles\07-custom-vision-image-classification\C-Sharp\train-classifier\train-classifier.csproj", "{3C6BCA5F-5562-4229-863A-7A09AD34C3BA}"
EndProject
Global
	GlobalSection(SolutionConfigurationPlatforms) = preSolution
		Debug|Any CPU = Debug|Any CPU
		Release|Any CPU = Release|Any CPU
	EndGlobalSection
	GlobalSection(ProjectConfigurationPlatforms) = postSolution
		{421BF11C-5481-4E12-B993-3218D8BA3989}.Debug|Any CPU.ActiveCfg = Debug|Any CPU
		{421BF11C-5481-4E12-B993-3218D8BA3989}.Debug|Any CPU.Build.0 = Debug|Any CPU
		{421BF11C-5481-4E12-B993-3218D8BA3989}.Release|Any CPU.ActiveCfg = Release|Any CPU
		{421BF11C-5481-4E12-B993-3218D8BA3989}.Release|Any CPU.Build.0 = Release|Any CPU
		{97C3EFA3-6F01-48FC-9885-A005BB7B02B1}.Debug|Any CPU.ActiveCfg = Debug|Any CPU
		{97C3EFA3-6F01-48FC-9885-A005BB7B02B1}.Debug|Any CPU.Build.0 = Debug|Any CPU
		{97C3EFA3-6F01-48FC-9885-A005BB7B02B1}.Release|Any CPU.ActiveCfg = Release|Any CPU
		{97C3EFA3-6F01-48FC-9885-A005BB7B02B1}.Release|Any CPU.Build.0 = Release|Any CPU
		{EFEBC4C4-D145-4647-96CA-9E74CD2EF785}.Debug|Any CPU.ActiveCfg = Debug|Any CPU
		{EFEBC4C4-D145-4647-96CA-9E74CD2EF785}.Debug|Any CPU.Build.0 = Debug|Any CPU
		{EFEBC4C4-D145-4647-96CA-9E74CD2EF785}.Release|Any CPU.ActiveCfg = Release|Any CPU
		{EFEBC4C4-D145-4647-96CA-9E74CD2EF785}.Release|Any CPU.Build.0 = Release|Any CPU
		{939FE20D-3F99-49E3-8B60-786D39FE657F}.Debug|Any CPU.ActiveCfg = Debug|Any CPU
		{939FE20D-3F99-49E3-8B60-786D39FE657F}.Debug|Any CPU.Build.0 = Debug|Any CPU
		{939FE20D-3F99-49E3-8B60-786D39FE657F}.Release|Any CPU.ActiveCfg = Release|Any CPU
		{939FE20D-3F99-49E3-8B60-786D39FE657F}.Release|Any CPU.Build.0 = Release|Any CPU
		{A892C0C0-5AED-4407-84B6-0BFD28B8D457}.Debug|Any CPU.ActiveCfg = Debug|Any CPU
		{A892C0C0-5AED-4407-84B6-0BFD28B8D457}.Debug|Any CPU.Build.0 = Debug|Any CPU
		{A892C0C0-5AED-4407-84B6-0BFD28B8D457}.Release|Any CPU.ActiveCfg = Release|Any CPU
		{A892C0C0-5AED-4407-84B6-0BFD28B8D457}.Release|Any CPU.Build.0 = Release|Any CPU
		{1BA2BD2A-18A2-4490-A2E8-4F750E260828}.Debug|Any CPU.ActiveCfg = Debug|Any CPU
		{1BA2BD2A-18A2-4490-A2E8-4F750E260828}.Debug|Any CPU.Build.0 = Debug|Any CPU
		{1BA2BD2A-18A2-4490-A2E8-4F750E260828}.Release|Any CPU.ActiveCfg = Release|Any CPU
		{1BA2BD2A-18A2-4490-A2E8-4F750E260828}.Release|Any CPU.Build.0 = Release|Any CPU
		{79FFADD1-2725-45B3-934F-5CC2A7CF1C76}.Debug|Any CPU.ActiveCfg = Debug|Any CPU
		{79FFADD1-2725-45B3-934F-5CC2A7CF1C76}.Debug|Any CPU.Build.0 = Debug|Any CPU
		{79FFADD1-2725-45B3-934F-5CC2A7CF1C76}.Release|Any CPU.ActiveCfg = Release|Any CPU
		{79FFADD1-2725-45B3-934F-5CC2A7CF1C76}.Release|Any CPU.Build.0 = Release|Any CPU
		{3C6BCA5F-5562-4229-863A-7A09AD34C3BA}.Debug|Any CPU.ActiveCfg = Debug|Any CPU
		{3C6BCA5F-5562-4229-863A-7A09AD34C3BA}.Debug|Any CPU.Build.0 = Debug|Any CPU
		{3C6BCA5F-5562-4229-863A-7A09AD34C3BA}.Release|Any CPU.ActiveCfg = Release|Any CPU
		{3C6BCA5F-5562-4229-863A-7A09AD34C3BA}.Release|Any CPU.Build.0 = Release|Any CPU
	EndGlobalSection
	GlobalSection(SolutionProperties) = preSolution
		HideSolutionNode = FALSE
	EndGlobalSection
	GlobalSection(NestedProjects) = preSolution
		{018FD4C2-2952-4E91-807B-14CC8CF49844} = {04A9CF03-CB5F-47E4-A997-B32ADC2DB241}
		{E3E87A3E-E41E-40AA-A60A-AD5771DE921E} = {018FD4C2-2952-4E91-807B-14CC8CF49844}
		{421BF11C-5481-4E12-B993-3218D8BA3989} = {E3E87A3E-E41E-40AA-A60A-AD5771DE921E}
		{CBEEA418-B9FB-46EF-B008-BDEFCEE30225} = {04A9CF03-CB5F-47E4-A997-B32ADC2DB241}
		{7CFED797-32D2-4413-8A04-8B47D4E51664} = {CBEEA418-B9FB-46EF-B008-BDEFCEE30225}
		{97C3EFA3-6F01-48FC-9885-A005BB7B02B1} = {7CFED797-32D2-4413-8A04-8B47D4E51664}
		{EFEBC4C4-D145-4647-96CA-9E74CD2EF785} = {7CFED797-32D2-4413-8A04-8B47D4E51664}
		{0CE07041-0BEA-42B8-A035-9BDDC433E21A} = {04A9CF03-CB5F-47E4-A997-B32ADC2DB241}
		{13269302-19A8-40F3-8634-C759ADBBFD71} = {0CE07041-0BEA-42B8-A035-9BDDC433E21A}
		{939FE20D-3F99-49E3-8B60-786D39FE657F} = {13269302-19A8-40F3-8634-C759ADBBFD71}
		{A892C0C0-5AED-4407-84B6-0BFD28B8D457} = {13269302-19A8-40F3-8634-C759ADBBFD71}
		{155F454C-BE7C-4540-90EA-4D334BCBDCE1} = {04A9CF03-CB5F-47E4-A997-B32ADC2DB241}
		{BC24B02C-E749-439E-BA33-CEB5ED9B3584} = {155F454C-BE7C-4540-90EA-4D334BCBDCE1}
		{1BA2BD2A-18A2-4490-A2E8-4F750E260828} = {BC24B02C-E749-439E-BA33-CEB5ED9B3584}
		{CEC5694A-A216-4B83-B600-80F364C6FB8F} = {04A9CF03-CB5F-47E4-A997-B32ADC2DB241}
		{719D9618-3306-4901-A096-BCEEA0A84CF7} = {CEC5694A-A216-4B83-B600-80F364C6FB8F}
		{79FFADD1-2725-45B3-934F-5CC2A7CF1C76} = {719D9618-3306-4901-A096-BCEEA0A84CF7}
		{3C6BCA5F-5562-4229-863A-7A09AD34C3BA} = {719D9618-3306-4901-A096-BCEEA0A84CF7}
	EndGlobalSection
	GlobalSection(ExtensibilityGlobals) = postSolution
		SolutionGuid = {C710D988-2024-47D8-89C5-7342577EAC96}
	EndGlobalSection
EndGlobal
